PODS:
  - Flutter (1.0.0)
  - integration_test (0.0.1):
    - Flutter
  - tagion_dart_api (0.0.1):
    - Flutter

DEPENDENCIES:
  - Flutter (from `Flutter`)
  - integration_test (from `.symlinks/plugins/integration_test/ios`)
  - tagion_dart_api (from `.symlinks/plugins/tagion_dart_api/ios`)

EXTERNAL SOURCES:
  Flutter:
    :path: Flutter
  integration_test:
    :path: ".symlinks/plugins/integration_test/ios"
  tagion_dart_api:
    :path: ".symlinks/plugins/tagion_dart_api/ios"

SPEC CHECKSUMS:
  Flutter: f04841e97a9d0b0a8025694d0796dd46242b2854
  integration_test: 13825b8a9334a850581300559b8839134b124670
  tagion_dart_api: 214549841dd5612fcae9361a837e2a2ea9b8edc6

PODFILE CHECKSUM: 70d9d25280d0dd177a5f637cdb0f0b0b12c6a189

COCOAPODS: 1.14.2
